
Microsoft Visual Studio Solution File, Format Version 12.00
# Visual Studio Express 2013 for Windows Desktop
VisualStudioVersion = 12.0.31101.0
MinimumVisualStudioVersion = 10.0.40219.1
Project("{8BC9CEB8-8B4A-11D0-8D11-00A0C91BC942}") = "IMS2", "IMS2.vcxproj", "{004BB469-DCF5-49FB-94C2-852C3D3CDE1E}"
EndProject
Global
	GlobalSection(SolutionConfigurationPlatforms) = preSolution
		2016_Debug|Win32 = 2016_Debug|Win32
		Debug D3D9|Win32 = Debug D3D9|Win32
		Debug|Win32 = Debug|Win32
		Release|Win32 = Release|Win32
		Test|Win32 = Test|Win32
	EndGlobalSection
	GlobalSection(ProjectConfigurationPlatforms) = postSolution
		{004BB469-DCF5-49FB-94C2-852C3D3CDE1E}.2016_Debug|Win32.ActiveCfg = 2016_Debug|Win32
		{004BB469-DCF5-49FB-94C2-852C3D3CDE1E}.2016_Debug|Win32.Build.0 = 2016_Debug|Win32
		{004BB469-DCF5-49FB-94C2-852C3D3CDE1E}.Debug D3D9|Win32.ActiveCfg = Debug D3D9|Win32
		{004BB469-DCF5-49FB-94C2-852C3D3CDE1E}.Debug D3D9|Win32.Build.0 = Debug D3D9|Win32
		{004BB469-DCF5-49FB-94C2-852C3D3CDE1E}.Debug|Win32.ActiveCfg = Debug|Win32
		{004BB469-DCF5-49FB-94C2-852C3D3CDE1E}.Debug|Win32.Build.0 = Debug|Win32
		{004BB469-DCF5-49FB-94C2-852C3D3CDE1E}.Release|Win32.ActiveCfg = Release|Win32
		{004BB469-DCF5-49FB-94C2-852C3D3CDE1E}.Release|Win32.Build.0 = Release|Win32
		{004BB469-DCF5-49FB-94C2-852C3D3CDE1E}.Test|Win32.ActiveCfg = Test|Win32
		{004BB469-DCF5-49FB-94C2-852C3D3CDE1E}.Test|Win32.Build.0 = Test|Win32
	EndGlobalSection
	GlobalSection(SolutionProperties) = preSolution
		HideSolutionNode = FALSE
	EndGlobalSection
EndGlobal
